// !$*UTF8*$!
{
	archiveVersion = 1;
	classes = {
	};
	objectVersion = 46;
	objects = {

/* Begin PBXBuildFile section */
		3A5D6CF61CF2B4000040BECB /* Utils.cpp in Sources */ = {isa = PBXBuildFile; fileRef = 3A5D6CF11CF2B4000040BECB /* Utils.cpp */; };
		3A5D6CF71CF2B4000040BECB /* main.cpp in Sources */ = {isa = PBXBuildFile; fileRef = 3A5D6CF31CF2B4000040BECB /* main.cpp */; };
		3A5D6CF81CF2B4000040BECB /* QuickSort.cpp in Sources */ = {isa = PBXBuildFile; fileRef = 3A5D6CF41CF2B4000040BECB /* QuickSort.cpp */; };
		3A5D6CF91CF2B6C30040BECB /* random.txt in CopyFiles */ = {isa = PBXBuildFile; fileRef = 3A5D6CF01CF2B3F30040BECB /* random.txt */; };
/* End PBXBuildFile section */

/* Begin PBXCopyFilesBuildPhase section */
		3A5D6CE41CF2B3D20040BECB /* CopyFiles */ = {
			isa = PBXCopyFilesBuildPhase;
			buildActionMask = 12;
			dstPath = "";
			dstSubfolderSpec = 7;
			files = (
				3A5D6CF91CF2B6C30040BECB /* random.txt in CopyFiles */,
			);
			runOnlyForDeploymentPostprocessing = 0;
		};
/* End PBXCopyFilesBuildPhase section */

/* Begin PBXFileReference section */
		3A5D6CE61CF2B3D20040BECB /* QuicksortC++ */ = {isa = PBXFileReference; explicitFileType = "compiled.mach-o.executable"; includeInIndex = 0; path = "QuicksortC++"; sourceTree = BUILT_PRODUCTS_DIR; };
		3A5D6CF01CF2B3F30040BECB /* random.txt */ = {isa = PBXFileReference; fileEncoding = 4; lastKnownFileType = text; path = random.txt; sourceTree = "<group>"; };
		3A5D6CF11CF2B4000040BECB /* Utils.cpp */ = {isa = PBXFileReference; fileEncoding = 4; lastKnownFileType = sourcecode.cpp.cpp; path = Utils.cpp; sourceTree = "<group>"; };
		3A5D6CF21CF2B4000040BECB /* Utils.h */ = {isa = PBXFileReference; fileEncoding = 4; lastKnownFileType = sourcecode.c.h; path = Utils.h; sourceTree = "<group>"; };
		3A5D6CF31CF2B4000040BECB /* main.cpp */ = {isa = PBXFileReference; fileEncoding = 4; lastKnownFileType = sourcecode.cpp.cpp; path = main.cpp; sourceTree = "<group>"; };
		3A5D6CF41CF2B4000040BECB /* QuickSort.cpp */ = {isa = PBXFileReference; fileEncoding = 4; lastKnownFileType = sourcecode.cpp.cpp; path = QuickSort.cpp; sourceTree = "<group>"; };
		3A5D6CF51CF2B4000040BECB /* QuickSort.h */ = {isa = PBXFileReference; fileEncoding = 4; lastKnownFileType = sourcecode.c.h; path = QuickSort.h; sourceTree = "<group>"; };
/* End PBXFileReference section */

/* Begin PBXFrameworksBuildPhase section */
		3A5D6CE31CF2B3D20040BECB /* Frameworks */ = {
			isa = PBXFrameworksBuildPhase;
			buildActionMask = 2147483647;
			files = (
			);
			runOnlyForDeploymentPostprocessing = 0;
		};
/* End PBXFrameworksBuildPhase section */

/* Begin PBXGroup section */
		3A5D6CDD1CF2B3D20040BECB = {
			isa = PBXGroup;
			children = (
				3A5D6CE81CF2B3D20040BECB /* QuicksortC++ */,
				3A5D6CE71CF2B3D20040BECB /* Products */,
			);
			sourceTree = "<group>";
		};
		3A5D6CE71CF2B3D20040BECB /* Products */ = {
			isa = PBXGroup;
			children = (
				3A5D6CE61CF2B3D20040BECB /* QuicksortC++ */,
			);
			name = Products;
			sourceTree = "<group>";
		};
		3A5D6CE81CF2B3D20040BECB /* QuicksortC++ */ = {
			isa = PBXGroup;
			children = (
				3A5D6CF11CF2B4000040BECB /* Utils.cpp */,
				3A5D6CF21CF2B4000040BECB /* Utils.h */,
				3A5D6CF31CF2B4000040BECB /* main.cpp */,
				3A5D6CF41CF2B4000040BECB /* QuickSort.cpp */,
				3A5D6CF51CF2B4000040BECB /* QuickSort.h */,
				3A5D6CF01CF2B3F30040BECB /* random.txt */,
			);
			path = "QuicksortC++";
			sourceTree = "<group>";
		};
/* End PBXGroup section */

/* Begin PBXNativeTarget section */
		3A5D6CE51CF2B3D20040BECB /* QuicksortC++ */ = {
			isa = PBXNativeTarget;
			buildConfigurationList = 3A5D6CED1CF2B3D20040BECB /* Build configuration list for PBXNativeTarget "QuicksortC++" */;
			buildPhases = (
				3A5D6CE21CF2B3D20040BECB /* Sources */,
				3A5D6CE31CF2B3D20040BECB /* Frameworks */,
				3A5D6CE41CF2B3D20040BECB /* CopyFiles */,
			);
			buildRules = (
			);
			dependencies = (
			);
			name = "QuicksortC++";
			productName = "QuicksortC++";
			productReference = 3A5D6CE61CF2B3D20040BECB /* QuicksortC++ */;
			productType = "com.apple.product-type.tool";
		};
/* End PBXNativeTarget section */

/* Begin PBXProject section */
		3A5D6CDE1CF2B3D20040BECB /* Project object */ = {
			isa = PBXProject;
			attributes = {
				LastUpgradeCheck = 0730;
				ORGANIZATIONNAME = Suri;
				TargetAttributes = {
					3A5D6CE51CF2B3D20040BECB = {
						CreatedOnToolsVersion = 7.3.1;
					};
				};
			};
			buildConfigurationList = 3A5D6CE11CF2B3D20040BECB /* Build configuration list for PBXProject "QuicksortC++" */;
			compatibilityVersion = "Xcode 3.2";
			developmentRegion = English;
			hasScannedForEncodings = 0;
			knownRegions = (
				en,
			);
			mainGroup = 3A5D6CDD1CF2B3D20040BECB;
			productRefGroup = 3A5D6CE71CF2B3D20040BECB /* Products */;
			projectDirPath = "";
			projectRoot = "";
			targets = (
				3A5D6CE51CF2B3D20040BECB /* QuicksortC++ */,
			);
		};
/* End PBXProject section */

/* Begin PBXSourcesBuildPhase section */
		3A5D6CE21CF2B3D20040BECB /* Sources */ = {
			isa = PBXSourcesBuildPhase;
			buildActionMask = 2147483647;
			files = (
				3A5D6CF71CF2B4000040BECB /* main.cpp in Sources */,
				3A5D6CF81CF2B4000040BECB /* QuickSort.cpp in Sources */,
				3A5D6CF61CF2B4000040BECB /* Utils.cpp in Sources */,
			);
			runOnlyForDeploymentPostprocessing = 0;
		};
/* End PBXSourcesBuildPhase section */

/* Begin XCBuildConfiguration section */
		3A5D6CEB1CF2B3D20040BECB /* Debug */ = {
			isa = XCBuildConfiguration;
			buildSettings = {
				ALWAYS_SEARCH_USER_PATHS = NO;
				CLANG_ANALYZER_NONNULL = YES;
				CLANG_CXX_LANGUAGE_STANDARD = "gnu++0x";
				CLANG_CXX_LIBRARY = "libc++";
				CLANG_ENABLE_MODULES = YES;
				CLANG_ENABLE_OBJC_ARC = YES;
				CLANG_WARN_BOOL_CONVERSION = YES;
				CLANG_WARN_CONSTANT_CONVERSION = YES;
				CLANG_WARN_DIRECT_OBJC_ISA_USAGE = YES_ERROR;
				CLANG_WARN_EMPTY_BODY = YES;
				CLANG_WARN_ENUM_CONVERSION = YES;
				CLANG_WARN_INT_CONVERSION = YES;
				CLANG_WARN_OBJC_ROOT_CLASS = YES_ERROR;
				CLANG_WARN_UNREACHABLE_CODE = YES;
				CLANG_WARN__DUPLICATE_METHOD_MATCH = YES;
				CODE_SIGN_IDENTITY = "-";
				COPY_PHASE_STRIP = NO;
				DEBUG_INFORMATION_FORMAT = dwarf;
				ENABLE_STRICT_OBJC_MSGSEND = YES;
				ENABLE_TESTABILITY = YES;
				GCC_C_LANGUAGE_STANDARD = gnu99;
				GCC_DYNAMIC_NO_PIC = NO;
				GCC_NO_COMMON_BLOCKS = YES;
				GCC_OPTIMIZATION_LEVEL = fast;
				GCC_PREPROCESSOR_DEFINITIONS = (
					"DEBUG=1",
					"$(inherited)",
				);
				GCC_WARN_64_TO_32_BIT_CONVERSION = YES;
				GCC_WARN_ABOUT_RETURN_TYPE = YES_ERROR;
				GCC_WARN_UNDECLARED_SELECTOR = YES;
				GCC_WARN_UNINITIALIZED_AUTOS = YES_AGGRESSIVE;
				GCC_WARN_UNUSED_FUNCTION = YES;
				GCC_WARN_UNUSED_VARIABLE = YES;
				MACOSX_DEPLOYMENT_TARGET = 10.11;
				MTL_ENABLE_DEBUG_INFO = YES;
				ONLY_ACTIVE_ARCH = YES;
				SDKROOT = macosx;
			};
			name = Debug;
		};
		3A5D6CEC1CF2B3D20040BECB /* Release */ = {
			isa = XCBuildConfiguration;
			buildSettings = {
				ALWAYS_SEARCH_USER_PATHS = NO;
				CLANG_ANALYZER_NONNULL = YES;
				CLANG_CXX_LANGUAGE_STANDARD = "gnu++0x";
				CLANG_CXX_LIBRARY = "libc++";
				CLANG_ENABLE_MODULES = YES;
				CLANG_ENABLE_OBJC_ARC = YES;
				CLANG_WARN_BOOL_CONVERSION = YES;
				CLANG_WARN_CONSTANT_CONVERSION = YES;
				CLANG_WARN_DIRECT_OBJC_ISA_USAGE = YES_ERROR;
				CLANG_WARN_EMPTY_BODY = YES;
				CLANG_WARN_ENUM_CONVERSION = YES;
				CLANG_WARN_INT_CONVERSION = YES;
				CLANG_WARN_OBJC_ROOT_CLASS = YES_ERROR;
				CLANG_WARN_UNREACHABLE_CODE = YES;
				CLANG_WARN__DUPLICATE_METHOD_MATCH = YES;
				CODE_SIGN_IDENTITY = "-";
				COPY_PHASE_STRIP = NO;
				DEBUG_INFORMATION_FORMAT = "dwarf-with-dsym";
				ENABLE_NS_ASSERTIONS = NO;
				ENABLE_STRICT_OBJC_MSGSEND = YES;
				GCC_C_LANGUAGE_STANDARD = gnu99;
				GCC_NO_COMMON_BLOCKS = YES;
				GCC_OPTIMIZATION_LEVEL = fast;
				GCC_WARN_64_TO_32_BIT_CONVERSION = YES;
				GCC_WARN_ABOUT_RETURN_TYPE = YES_ERROR;
				GCC_WARN_UNDECLARED_SELECTOR = YES;
				GCC_WARN_UNINITIALIZED_AUTOS = YES_AGGRESSIVE;
				GCC_WARN_UNUSED_FUNCTION = YES;
				GCC_WARN_UNUSED_VARIABLE = YES;
				MACOSX_DEPLOYMENT_TARGET = 10.11;
				MTL_ENABLE_DEBUG_INFO = NO;
				SDKROOT = macosx;
			};
			name = Release;
		};
		3A5D6CEE1CF2B3D20040BECB /* Debug */ = {
			isa = XCBuildConfiguration;
			buildSettings = {
				PRODUCT_NAME = "$(TARGET_NAME)";
			};
			name = Debug;
		};
		3A5D6CEF1CF2B3D20040BECB /* Release */ = {
			isa = XCBuildConfiguration;
			buildSettings = {
				PRODUCT_NAME = "$(TARGET_NAME)";
			};
			name = Release;
		};
/* End XCBuildConfiguration section */

/* Begin XCConfigurationList section */
		3A5D6CE11CF2B3D20040BECB /* Build configuration list for PBXProject "QuicksortC++" */ = {
			isa = XCConfigurationList;
			buildConfigurations = (
				3A5D6CEB1CF2B3D20040BECB /* Debug */,
				3A5D6CEC1CF2B3D20040BECB /* Release */,
			);
			defaultConfigurationIsVisible = 0;
			defaultConfigurationName = Release;
		};
		3A5D6CED1CF2B3D20040BECB /* Build configuration list for PBXNativeTarget "QuicksortC++" */ = {
			isa = XCConfigurationList;
			buildConfigurations = (
				3A5D6CEE1CF2B3D20040BECB /* Debug */,
				3A5D6CEF1CF2B3D20040BECB /* Release */,
			);
			defaultConfigurationIsVisible = 0;
		};
/* End XCConfigurationList section */
	};
	rootObject = 3A5D6CDE1CF2B3D20040BECB /* Project object */;
}
