// !$*UTF8*$!
{
	archiveVersion = 1;
	classes = {
	};
	objectVersion = 46;
	objects = {

/* Begin PBXBuildFile section */
		3A087B351B112F0000DE3588 /* Utils.cpp in Sources */ = {isa = PBXBuildFile; fileRef = 3A087B331B112F0000DE3588 /* Utils.cpp */; };
		3A5D6CDA1CF2AFF80040BECB /* random.txt in Sources */ = {isa = PBXBuildFile; fileRef = 3A338CBE1B13BBCC009DE30E /* random.txt */; };
		3A5D6CDB1CF2B0130040BECB /* random.txt in Frameworks */ = {isa = PBXBuildFile; fileRef = 3A338CBE1B13BBCC009DE30E /* random.txt */; };
		3A5D6CDC1CF2B01D0040BECB /* random.txt in CopyFiles */ = {isa = PBXBuildFile; fileRef = 3A338CBE1B13BBCC009DE30E /* random.txt */; };
		3AFB3C9C1B10ADB8006F5390 /* main.mm in Sources */ = {isa = PBXBuildFile; fileRef = 3AFB3C9B1B10ADB8006F5390 /* main.mm */; };
		3AFB3CA31B10AE27006F5390 /* QuickSort.mm in Sources */ = {isa = PBXBuildFile; fileRef = 3AFB3CA21B10AE27006F5390 /* QuickSort.mm */; };
/* End PBXBuildFile section */

/* Begin PBXCopyFilesBuildPhase section */
		3AFB3C961B10ADB8006F5390 /* CopyFiles */ = {
			isa = PBXCopyFilesBuildPhase;
			buildActionMask = 2147483647;
			dstPath = /usr/share/man/man1/;
			dstSubfolderSpec = 0;
			files = (
				3A5D6CDC1CF2B01D0040BECB /* random.txt in CopyFiles */,
			);
			runOnlyForDeploymentPostprocessing = 1;
		};
/* End PBXCopyFilesBuildPhase section */

/* Begin PBXFileReference section */
		3A087B331B112F0000DE3588 /* Utils.cpp */ = {isa = PBXFileReference; fileEncoding = 4; lastKnownFileType = sourcecode.cpp.cpp; path = Utils.cpp; sourceTree = "<group>"; };
		3A087B341B112F0000DE3588 /* Utils.h */ = {isa = PBXFileReference; fileEncoding = 4; lastKnownFileType = sourcecode.c.h; path = Utils.h; sourceTree = "<group>"; };
		3A338CBE1B13BBCC009DE30E /* random.txt */ = {isa = PBXFileReference; lastKnownFileType = text; path = random.txt; sourceTree = "<group>"; };
		3AFB3C981B10ADB8006F5390 /* QuickSort */ = {isa = PBXFileReference; explicitFileType = "compiled.mach-o.executable"; includeInIndex = 0; path = QuickSort; sourceTree = BUILT_PRODUCTS_DIR; };
		3AFB3C9B1B10ADB8006F5390 /* main.mm */ = {isa = PBXFileReference; lastKnownFileType = sourcecode.cpp.objcpp; path = main.mm; sourceTree = "<group>"; };
		3AFB3CA21B10AE27006F5390 /* QuickSort.mm */ = {isa = PBXFileReference; fileEncoding = 4; lastKnownFileType = sourcecode.cpp.objcpp; path = QuickSort.mm; sourceTree = "<group>"; };
		3AFB3CA41B10AE9D006F5390 /* QuickSort.h */ = {isa = PBXFileReference; lastKnownFileType = sourcecode.c.h; path = QuickSort.h; sourceTree = "<group>"; };
/* End PBXFileReference section */

/* Begin PBXFrameworksBuildPhase section */
		3AFB3C951B10ADB8006F5390 /* Frameworks */ = {
			isa = PBXFrameworksBuildPhase;
			buildActionMask = 2147483647;
			files = (
				3A5D6CDB1CF2B0130040BECB /* random.txt in Frameworks */,
			);
			runOnlyForDeploymentPostprocessing = 0;
		};
/* End PBXFrameworksBuildPhase section */

/* Begin PBXGroup section */
		3AFB3C8F1B10ADB8006F5390 = {
			isa = PBXGroup;
			children = (
				3AFB3C9A1B10ADB8006F5390 /* QuickSort */,
				3AFB3C991B10ADB8006F5390 /* Products */,
			);
			sourceTree = "<group>";
		};
		3AFB3C991B10ADB8006F5390 /* Products */ = {
			isa = PBXGroup;
			children = (
				3AFB3C981B10ADB8006F5390 /* QuickSort */,
			);
			name = Products;
			sourceTree = "<group>";
		};
		3AFB3C9A1B10ADB8006F5390 /* QuickSort */ = {
			isa = PBXGroup;
			children = (
				3A338CBE1B13BBCC009DE30E /* random.txt */,
				3A087B331B112F0000DE3588 /* Utils.cpp */,
				3A087B341B112F0000DE3588 /* Utils.h */,
				3AFB3C9B1B10ADB8006F5390 /* main.mm */,
				3AFB3CA21B10AE27006F5390 /* QuickSort.mm */,
				3AFB3CA41B10AE9D006F5390 /* QuickSort.h */,
			);
			path = QuickSort;
			sourceTree = "<group>";
		};
/* End PBXGroup section */

/* Begin PBXNativeTarget section */
		3AFB3C971B10ADB8006F5390 /* QuickSort */ = {
			isa = PBXNativeTarget;
			buildConfigurationList = 3AFB3C9F1B10ADB8006F5390 /* Build configuration list for PBXNativeTarget "QuickSort" */;
			buildPhases = (
				3AFB3C941B10ADB8006F5390 /* Sources */,
				3AFB3C951B10ADB8006F5390 /* Frameworks */,
				3AFB3C961B10ADB8006F5390 /* CopyFiles */,
			);
			buildRules = (
			);
			dependencies = (
			);
			name = QuickSort;
			productName = QuickSort;
			productReference = 3AFB3C981B10ADB8006F5390 /* QuickSort */;
			productType = "com.apple.product-type.tool";
		};
/* End PBXNativeTarget section */

/* Begin PBXProject section */
		3AFB3C901B10ADB8006F5390 /* Project object */ = {
			isa = PBXProject;
			attributes = {
				LastUpgradeCheck = 0630;
				ORGANIZATIONNAME = Suri;
				TargetAttributes = {
					3AFB3C971B10ADB8006F5390 = {
						CreatedOnToolsVersion = 6.3.2;
					};
				};
			};
			buildConfigurationList = 3AFB3C931B10ADB8006F5390 /* Build configuration list for PBXProject "QuickSort" */;
			compatibilityVersion = "Xcode 3.2";
			developmentRegion = English;
			hasScannedForEncodings = 0;
			knownRegions = (
				en,
			);
			mainGroup = 3AFB3C8F1B10ADB8006F5390;
			productRefGroup = 3AFB3C991B10ADB8006F5390 /* Products */;
			projectDirPath = "";
			projectRoot = "";
			targets = (
				3AFB3C971B10ADB8006F5390 /* QuickSort */,
			);
		};
/* End PBXProject section */

/* Begin PBXSourcesBuildPhase section */
		3AFB3C941B10ADB8006F5390 /* Sources */ = {
			isa = PBXSourcesBuildPhase;
			buildActionMask = 2147483647;
			files = (
				3A5D6CDA1CF2AFF80040BECB /* random.txt in Sources */,
				3AFB3C9C1B10ADB8006F5390 /* main.mm in Sources */,
				3A087B351B112F0000DE3588 /* Utils.cpp in Sources */,
				3AFB3CA31B10AE27006F5390 /* QuickSort.mm in Sources */,
			);
			runOnlyForDeploymentPostprocessing = 0;
		};
/* End PBXSourcesBuildPhase section */

/* Begin XCBuildConfiguration section */
		3AFB3C9D1B10ADB8006F5390 /* Debug */ = {
			isa = XCBuildConfiguration;
			buildSettings = {
				ALWAYS_SEARCH_USER_PATHS = YES;
				CLANG_CXX_LANGUAGE_STANDARD = "gnu++0x";
				CLANG_CXX_LIBRARY = "libstdc++";
				CLANG_ENABLE_MODULES = YES;
				CLANG_ENABLE_OBJC_ARC = YES;
				CLANG_WARN_BOOL_CONVERSION = YES;
				CLANG_WARN_CONSTANT_CONVERSION = YES;
				CLANG_WARN_DIRECT_OBJC_ISA_USAGE = YES_ERROR;
				CLANG_WARN_EMPTY_BODY = YES;
				CLANG_WARN_ENUM_CONVERSION = YES;
				CLANG_WARN_INT_CONVERSION = YES;
				CLANG_WARN_OBJC_ROOT_CLASS = YES_ERROR;
				CLANG_WARN_UNREACHABLE_CODE = YES;
				CLANG_WARN__DUPLICATE_METHOD_MATCH = YES;
				COPY_PHASE_STRIP = NO;
				DEBUG_INFORMATION_FORMAT = dwarf;
				ENABLE_STRICT_OBJC_MSGSEND = YES;
				GCC_C_LANGUAGE_STANDARD = gnu11;
				GCC_DYNAMIC_NO_PIC = NO;
				GCC_NO_COMMON_BLOCKS = YES;
				GCC_OPTIMIZATION_LEVEL = fast;
				GCC_PREPROCESSOR_DEFINITIONS = (
					"DEBUG=1",
					"$(inherited)",
				);
				GCC_SYMBOLS_PRIVATE_EXTERN = NO;
				GCC_VERSION = "";
				GCC_WARN_64_TO_32_BIT_CONVERSION = YES;
				GCC_WARN_ABOUT_RETURN_TYPE = YES_ERROR;
				GCC_WARN_UNDECLARED_SELECTOR = YES;
				GCC_WARN_UNINITIALIZED_AUTOS = YES_AGGRESSIVE;
				GCC_WARN_UNUSED_FUNCTION = YES;
				GCC_WARN_UNUSED_VARIABLE = YES;
				MACOSX_DEPLOYMENT_TARGET = 10.10;
				MTL_ENABLE_DEBUG_INFO = YES;
				ONLY_ACTIVE_ARCH = YES;
				SDKROOT = macosx;
			};
			name = Debug;
		};
		3AFB3C9E1B10ADB8006F5390 /* Release */ = {
			isa = XCBuildConfiguration;
			buildSettings = {
				ALWAYS_SEARCH_USER_PATHS = YES;
				CLANG_CXX_LANGUAGE_STANDARD = "gnu++0x";
				CLANG_CXX_LIBRARY = "libstdc++";
				CLANG_ENABLE_MODULES = YES;
				CLANG_ENABLE_OBJC_ARC = YES;
				CLANG_WARN_BOOL_CONVERSION = YES;
				CLANG_WARN_CONSTANT_CONVERSION = YES;
				CLANG_WARN_DIRECT_OBJC_ISA_USAGE = YES_ERROR;
				CLANG_WARN_EMPTY_BODY = YES;
				CLANG_WARN_ENUM_CONVERSION = YES;
				CLANG_WARN_INT_CONVERSION = YES;
				CLANG_WARN_OBJC_ROOT_CLASS = YES_ERROR;
				CLANG_WARN_UNREACHABLE_CODE = YES;
				CLANG_WARN__DUPLICATE_METHOD_MATCH = YES;
				COPY_PHASE_STRIP = NO;
				DEBUG_INFORMATION_FORMAT = "dwarf-with-dsym";
				ENABLE_NS_ASSERTIONS = NO;
				ENABLE_STRICT_OBJC_MSGSEND = YES;
				GCC_C_LANGUAGE_STANDARD = gnu11;
				GCC_NO_COMMON_BLOCKS = YES;
				GCC_OPTIMIZATION_LEVEL = fast;
				GCC_VERSION = "";
				GCC_WARN_64_TO_32_BIT_CONVERSION = YES;
				GCC_WARN_ABOUT_RETURN_TYPE = YES_ERROR;
				GCC_WARN_UNDECLARED_SELECTOR = YES;
				GCC_WARN_UNINITIALIZED_AUTOS = YES_AGGRESSIVE;
				GCC_WARN_UNUSED_FUNCTION = YES;
				GCC_WARN_UNUSED_VARIABLE = YES;
				MACOSX_DEPLOYMENT_TARGET = 10.10;
				MTL_ENABLE_DEBUG_INFO = NO;
				ONLY_ACTIVE_ARCH = YES;
				SDKROOT = macosx;
			};
			name = Release;
		};
		3AFB3CA01B10ADB8006F5390 /* Debug */ = {
			isa = XCBuildConfiguration;
			buildSettings = {
				GCC_OPTIMIZATION_LEVEL = fast;
				PRODUCT_NAME = "$(TARGET_NAME)";
			};
			name = Debug;
		};
		3AFB3CA11B10ADB8006F5390 /* Release */ = {
			isa = XCBuildConfiguration;
			buildSettings = {
				GCC_OPTIMIZATION_LEVEL = fast;
				PRODUCT_NAME = "$(TARGET_NAME)";
			};
			name = Release;
		};
/* End XCBuildConfiguration section */

/* Begin XCConfigurationList section */
		3AFB3C931B10ADB8006F5390 /* Build configuration list for PBXProject "QuickSort" */ = {
			isa = XCConfigurationList;
			buildConfigurations = (
				3AFB3C9D1B10ADB8006F5390 /* Debug */,
				3AFB3C9E1B10ADB8006F5390 /* Release */,
			);
			defaultConfigurationIsVisible = 0;
			defaultConfigurationName = Release;
		};
		3AFB3C9F1B10ADB8006F5390 /* Build configuration list for PBXNativeTarget "QuickSort" */ = {
			isa = XCConfigurationList;
			buildConfigurations = (
				3AFB3CA01B10ADB8006F5390 /* Debug */,
				3AFB3CA11B10ADB8006F5390 /* Release */,
			);
			defaultConfigurationIsVisible = 0;
			defaultConfigurationName = Release;
		};
/* End XCConfigurationList section */
	};
	rootObject = 3AFB3C901B10ADB8006F5390 /* Project object */;
}
